<?xml version="1.0" encoding="utf-8"?>
<Project ToolsVersion="4.0" xmlns="http://schemas.microsoft.com/developer/msbuild/2003">
  <ItemGroup>
    <ClCompile Include="main.cpp" />
    <ClCompile Include="script.cpp" />
    <ClCompile Include="ledseffects\EffectReader.cpp">
      <Filter>effects</Filter>
    </ClCompile>
    <ClCompile Include="ledseffects\Serial.cpp">
      <Filter>effects\tools</Filter>
    </ClCompile>
  </ItemGroup>
  <ItemGroup>
    <ClInclude Include="script.h" />
    <ClInclude Include="..\..\inc\main.h">
      <Filter>includes</Filter>
    </ClInclude>
    <ClInclude Include="..\..\inc\natives.h">
      <Filter>includes</Filter>
    </ClInclude>
    <ClInclude Include="..\..\inc\types.h">
      <Filter>includes</Filter>
    </ClInclude>
    <ClInclude Include="..\..\inc\enums.h">
      <Filter>includes</Filter>
    </ClInclude>
    <ClInclude Include="ledseffects\effect_mono.h">
      <Filter>effects</Filter>
    </ClInclude>
    <ClInclude Include="ledseffects\effect_police.h">
      <Filter>effects</Filter>
    </ClInclude>
    <ClInclude Include="ledseffects\EffectReader.h">
      <Filter>effects</Filter>
    </ClInclude>
    <ClInclude Include="ledseffects\generic_effect.h">
      <Filter>effects</Filter>
    </ClInclude>
    <ClInclude Include="ledseffects\Serial.h">
      <Filter>effects\tools</Filter>
    </ClInclude>
  </ItemGroup>
  <ItemGroup>
    <Filter Include="includes">
      <UniqueIdentifier>{7378df68-e5e5-4298-b768-5ea241e79387}</UniqueIdentifier>
    </Filter>
    <Filter Include="effects">
      <UniqueIdentifier>{b0f814ce-af6d-49ec-9027-7870760a8687}</UniqueIdentifier>
    </Filter>
    <Filter Include="effects\tools">
      <UniqueIdentifier>{5d65f688-265b-4ab3-827d-a7a1f4efcc76}</UniqueIdentifier>
    </Filter>
  </ItemGroup>
</Project>